// !$*UTF8*$!
{
	archiveVersion = 1;
	classes = {
	};
	objectVersion = 46;
	objects = {

/* Begin PBXBuildFile section */
		96E6B48F1C28F53800F254D5 /* main.m in Sources */ = {isa = PBXBuildFile; fileRef = 96E6B48E1C28F53800F254D5 /* main.m */; };
		96E6B4921C28F53800F254D5 /* AppDelegate.m in Sources */ = {isa = PBXBuildFile; fileRef = 96E6B4911C28F53800F254D5 /* AppDelegate.m */; };
		96E6B4951C28F53800F254D5 /* ViewController.m in Sources */ = {isa = PBXBuildFile; fileRef = 96E6B4941C28F53800F254D5 /* ViewController.m */; };
		96E6B4981C28F53800F254D5 /* Main.storyboard in Resources */ = {isa = PBXBuildFile; fileRef = 96E6B4961C28F53800F254D5 /* Main.storyboard */; };
		96E6B49A1C28F53800F254D5 /* Assets.xcassets in Resources */ = {isa = PBXBuildFile; fileRef = 96E6B4991C28F53800F254D5 /* Assets.xcassets */; };
		96E6B49D1C28F53800F254D5 /* LaunchScreen.storyboard in Resources */ = {isa = PBXBuildFile; fileRef = 96E6B49B1C28F53800F254D5 /* LaunchScreen.storyboard */; };
		96E6B4A81C28F53800F254D5 /* rrrTests.m in Sources */ = {isa = PBXBuildFile; fileRef = 96E6B4A71C28F53800F254D5 /* rrrTests.m */; };
		96E6B4B31C28F53800F254D5 /* rrrUITests.m in Sources */ = {isa = PBXBuildFile; fileRef = 96E6B4B21C28F53800F254D5 /* rrrUITests.m */; };
/* End PBXBuildFile section */

/* Begin PBXContainerItemProxy section */
		96E6B4A41C28F53800F254D5 /* PBXContainerItemProxy */ = {
			isa = PBXContainerItemProxy;
			containerPortal = 96E6B4821C28F53800F254D5 /* Project object */;
			proxyType = 1;
			remoteGlobalIDString = 96E6B4891C28F53800F254D5;
			remoteInfo = rrr;
		};
		96E6B4AF1C28F53800F254D5 /* PBXContainerItemProxy */ = {
			isa = PBXContainerItemProxy;
			containerPortal = 96E6B4821C28F53800F254D5 /* Project object */;
			proxyType = 1;
			remoteGlobalIDString = 96E6B4891C28F53800F254D5;
			remoteInfo = rrr;
		};
/* End PBXContainerItemProxy section */

/* Begin PBXFileReference section */
		96E6B48A1C28F53800F254D5 /* rrr.app */ = {isa = PBXFileReference; explicitFileType = wrapper.application; includeInIndex = 0; path = rrr.app; sourceTree = BUILT_PRODUCTS_DIR; };
		96E6B48E1C28F53800F254D5 /* main.m */ = {isa = PBXFileReference; lastKnownFileType = sourcecode.c.objc; path = main.m; sourceTree = "<group>"; };
		96E6B4901C28F53800F254D5 /* AppDelegate.h */ = {isa = PBXFileReference; lastKnownFileType = sourcecode.c.h; path = AppDelegate.h; sourceTree = "<group>"; };
		96E6B4911C28F53800F254D5 /* AppDelegate.m */ = {isa = PBXFileReference; lastKnownFileType = sourcecode.c.objc; path = AppDelegate.m; sourceTree = "<group>"; };
		96E6B4931C28F53800F254D5 /* ViewController.h */ = {isa = PBXFileReference; lastKnownFileType = sourcecode.c.h; path = ViewController.h; sourceTree = "<group>"; };
		96E6B4941C28F53800F254D5 /* ViewController.m */ = {isa = PBXFileReference; lastKnownFileType = sourcecode.c.objc; path = ViewController.m; sourceTree = "<group>"; };
		96E6B4971C28F53800F254D5 /* Base */ = {isa = PBXFileReference; lastKnownFileType = file.storyboard; name = Base; path = Base.lproj/Main.storyboard; sourceTree = "<group>"; };
		96E6B4991C28F53800F254D5 /* Assets.xcassets */ = {isa = PBXFileReference; lastKnownFileType = folder.assetcatalog; path = Assets.xcassets; sourceTree = "<group>"; };
		96E6B49C1C28F53800F254D5 /* Base */ = {isa = PBXFileReference; lastKnownFileType = file.storyboard; name = Base; path = Base.lproj/LaunchScreen.storyboard; sourceTree = "<group>"; };
		96E6B49E1C28F53800F254D5 /* Info.plist */ = {isa = PBXFileReference; lastKnownFileType = text.plist.xml; path = Info.plist; sourceTree = "<group>"; };
		96E6B4A31C28F53800F254D5 /* rrrTests.xctest */ = {isa = PBXFileReference; explicitFileType = wrapper.cfbundle; includeInIndex = 0; path = rrrTests.xctest; sourceTree = BUILT_PRODUCTS_DIR; };
		96E6B4A71C28F53800F254D5 /* rrrTests.m */ = {isa = PBXFileReference; lastKnownFileType = sourcecode.c.objc; path = rrrTests.m; sourceTree = "<group>"; };
		96E6B4A91C28F53800F254D5 /* Info.plist */ = {isa = PBXFileReference; lastKnownFileType = text.plist.xml; path = Info.plist; sourceTree = "<group>"; };
		96E6B4AE1C28F53800F254D5 /* rrrUITests.xctest */ = {isa = PBXFileReference; explicitFileType = wrapper.cfbundle; includeInIndex = 0; path = rrrUITests.xctest; sourceTree = BUILT_PRODUCTS_DIR; };
		96E6B4B21C28F53800F254D5 /* rrrUITests.m */ = {isa = PBXFileReference; lastKnownFileType = sourcecode.c.objc; path = rrrUITests.m; sourceTree = "<group>"; };
		96E6B4B41C28F53800F254D5 /* Info.plist */ = {isa = PBXFileReference; lastKnownFileType = text.plist.xml; path = Info.plist; sourceTree = "<group>"; };
/* End PBXFileReference section */

/* Begin PBXFrameworksBuildPhase section */
		96E6B4871C28F53800F254D5 /* Frameworks */ = {
			isa = PBXFrameworksBuildPhase;
			buildActionMask = 2147483647;
			files = (
			);
			runOnlyForDeploymentPostprocessing = 0;
		};
		96E6B4A01C28F53800F254D5 /* Frameworks */ = {
			isa = PBXFrameworksBuildPhase;
			buildActionMask = 2147483647;
			files = (
			);
			runOnlyForDeploymentPostprocessing = 0;
		};
		96E6B4AB1C28F53800F254D5 /* Frameworks */ = {
			isa = PBXFrameworksBuildPhase;
			buildActionMask = 2147483647;
			files = (
			);
			runOnlyForDeploymentPostprocessing = 0;
		};
/* End PBXFrameworksBuildPhase section */

/* Begin PBXGroup section */
		96E6B4811C28F53800F254D5 = {
			isa = PBXGroup;
			children = (
				96E6B48C1C28F53800F254D5 /* rrr */,
				96E6B4A61C28F53800F254D5 /* rrrTests */,
				96E6B4B11C28F53800F254D5 /* rrrUITests */,
				96E6B48B1C28F53800F254D5 /* Products */,
			);
			sourceTree = "<group>";
		};
		96E6B48B1C28F53800F254D5 /* Products */ = {
			isa = PBXGroup;
			children = (
				96E6B48A1C28F53800F254D5 /* rrr.app */,
				96E6B4A31C28F53800F254D5 /* rrrTests.xctest */,
				96E6B4AE1C28F53800F254D5 /* rrrUITests.xctest */,
			);
			name = Products;
			sourceTree = "<group>";
		};
		96E6B48C1C28F53800F254D5 /* rrr */ = {
			isa = PBXGroup;
			children = (
				96E6B4901C28F53800F254D5 /* AppDelegate.h */,
				96E6B4911C28F53800F254D5 /* AppDelegate.m */,
				96E6B4931C28F53800F254D5 /* ViewController.h */,
				96E6B4941C28F53800F254D5 /* ViewController.m */,
				96E6B4961C28F53800F254D5 /* Main.storyboard */,
				96E6B4991C28F53800F254D5 /* Assets.xcassets */,
				96E6B49B1C28F53800F254D5 /* LaunchScreen.storyboard */,
				96E6B49E1C28F53800F254D5 /* Info.plist */,
				96E6B48D1C28F53800F254D5 /* Supporting Files */,
			);
			path = rrr;
			sourceTree = "<group>";
		};
		96E6B48D1C28F53800F254D5 /* Supporting Files */ = {
			isa = PBXGroup;
			children = (
				96E6B48E1C28F53800F254D5 /* main.m */,
			);
			name = "Supporting Files";
			sourceTree = "<group>";
		};
		96E6B4A61C28F53800F254D5 /* rrrTests */ = {
			isa = PBXGroup;
			children = (
				96E6B4A71C28F53800F254D5 /* rrrTests.m */,
				96E6B4A91C28F53800F254D5 /* Info.plist */,
			);
			path = rrrTests;
			sourceTree = "<group>";
		};
		96E6B4B11C28F53800F254D5 /* rrrUITests */ = {
			isa = PBXGroup;
			children = (
				96E6B4B21C28F53800F254D5 /* rrrUITests.m */,
				96E6B4B41C28F53800F254D5 /* Info.plist */,
			);
			path = rrrUITests;
			sourceTree = "<group>";
		};
/* End PBXGroup section */

/* Begin PBXNativeTarget section */
		96E6B4891C28F53800F254D5 /* rrr */ = {
			isa = PBXNativeTarget;
			buildConfigurationList = 96E6B4B71C28F53800F254D5 /* Build configuration list for PBXNativeTarget "rrr" */;
			buildPhases = (
				96E6B4861C28F53800F254D5 /* Sources */,
				96E6B4871C28F53800F254D5 /* Frameworks */,
				96E6B4881C28F53800F254D5 /* Resources */,
			);
			buildRules = (
			);
			dependencies = (
			);
			name = rrr;
			productName = rrr;
			productReference = 96E6B48A1C28F53800F254D5 /* rrr.app */;
			productType = "com.apple.product-type.application";
		};
		96E6B4A21C28F53800F254D5 /* rrrTests */ = {
			isa = PBXNativeTarget;
			buildConfigurationList = 96E6B4BA1C28F53800F254D5 /* Build configuration list for PBXNativeTarget "rrrTests" */;
			buildPhases = (
				96E6B49F1C28F53800F254D5 /* Sources */,
				96E6B4A01C28F53800F254D5 /* Frameworks */,
				96E6B4A11C28F53800F254D5 /* Resources */,
			);
			buildRules = (
			);
			dependencies = (
				96E6B4A51C28F53800F254D5 /* PBXTargetDependency */,
			);
			name = rrrTests;
			productName = rrrTests;
			productReference = 96E6B4A31C28F53800F254D5 /* rrrTests.xctest */;
			productType = "com.apple.product-type.bundle.unit-test";
		};
		96E6B4AD1C28F53800F254D5 /* rrrUITests */ = {
			isa = PBXNativeTarget;
			buildConfigurationList = 96E6B4BD1C28F53800F254D5 /* Build configuration list for PBXNativeTarget "rrrUITests" */;
			buildPhases = (
				96E6B4AA1C28F53800F254D5 /* Sources */,
				96E6B4AB1C28F53800F254D5 /* Frameworks */,
				96E6B4AC1C28F53800F254D5 /* Resources */,
			);
			buildRules = (
			);
			dependencies = (
				96E6B4B01C28F53800F254D5 /* PBXTargetDependency */,
			);
			name = rrrUITests;
			productName = rrrUITests;
			productReference = 96E6B4AE1C28F53800F254D5 /* rrrUITests.xctest */;
			productType = "com.apple.product-type.bundle.ui-testing";
		};
/* End PBXNativeTarget section */

/* Begin PBXProject section */
		96E6B4821C28F53800F254D5 /* Project object */ = {
			isa = PBXProject;
			attributes = {
				LastUpgradeCheck = 0720;
				ORGANIZATIONNAME = "徐东";
				TargetAttributes = {
					96E6B4891C28F53800F254D5 = {
						CreatedOnToolsVersion = 7.2;
						DevelopmentTeam = G3PJZGL84A;
					};
					96E6B4A21C28F53800F254D5 = {
						CreatedOnToolsVersion = 7.2;
						DevelopmentTeam = G3PJZGL84A;
						TestTargetID = 96E6B4891C28F53800F254D5;
					};
					96E6B4AD1C28F53800F254D5 = {
						CreatedOnToolsVersion = 7.2;
						DevelopmentTeam = G3PJZGL84A;
						TestTargetID = 96E6B4891C28F53800F254D5;
					};
				};
			};
			buildConfigurationList = 96E6B4851C28F53800F254D5 /* Build configuration list for PBXProject "rrr" */;
			compatibilityVersion = "Xcode 3.2";
			developmentRegion = English;
			hasScannedForEncodings = 0;
			knownRegions = (
				en,
				Base,
			);
			mainGroup = 96E6B4811C28F53800F254D5;
			productRefGroup = 96E6B48B1C28F53800F254D5 /* Products */;
			projectDirPath = "";
			projectRoot = "";
			targets = (
				96E6B4891C28F53800F254D5 /* rrr */,
				96E6B4A21C28F53800F254D5 /* rrrTests */,
				96E6B4AD1C28F53800F254D5 /* rrrUITests */,
			);
		};
/* End PBXProject section */

/* Begin PBXResourcesBuildPhase section */
		96E6B4881C28F53800F254D5 /* Resources */ = {
			isa = PBXResourcesBuildPhase;
			buildActionMask = 2147483647;
			files = (
				96E6B49D1C28F53800F254D5 /* LaunchScreen.storyboard in Resources */,
				96E6B49A1C28F53800F254D5 /* Assets.xcassets in Resources */,
				96E6B4981C28F53800F254D5 /* Main.storyboard in Resources */,
			);
			runOnlyForDeploymentPostprocessing = 0;
		};
		96E6B4A11C28F53800F254D5 /* Resources */ = {
			isa = PBXResourcesBuildPhase;
			buildActionMask = 2147483647;
			files = (
			);
			runOnlyForDeploymentPostprocessing = 0;
		};
		96E6B4AC1C28F53800F254D5 /* Resources */ = {
			isa = PBXResourcesBuildPhase;
			buildActionMask = 2147483647;
			files = (
			);
			runOnlyForDeploymentPostprocessing = 0;
		};
/* End PBXResourcesBuildPhase section */

/* Begin PBXSourcesBuildPhase section */
		96E6B4861C28F53800F254D5 /* Sources */ = {
			isa = PBXSourcesBuildPhase;
			buildActionMask = 2147483647;
			files = (
				96E6B4951C28F53800F254D5 /* ViewController.m in Sources */,
				96E6B4921C28F53800F254D5 /* AppDelegate.m in Sources */,
				96E6B48F1C28F53800F254D5 /* main.m in Sources */,
			);
			runOnlyForDeploymentPostprocessing = 0;
		};
		96E6B49F1C28F53800F254D5 /* Sources */ = {
			isa = PBXSourcesBuildPhase;
			buildActionMask = 2147483647;
			files = (
				96E6B4A81C28F53800F254D5 /* rrrTests.m in Sources */,
			);
			runOnlyForDeploymentPostprocessing = 0;
		};
		96E6B4AA1C28F53800F254D5 /* Sources */ = {
			isa = PBXSourcesBuildPhase;
			buildActionMask = 2147483647;
			files = (
				96E6B4B31C28F53800F254D5 /* rrrUITests.m in Sources */,
			);
			runOnlyForDeploymentPostprocessing = 0;
		};
/* End PBXSourcesBuildPhase section */

/* Begin PBXTargetDependency section */
		96E6B4A51C28F53800F254D5 /* PBXTargetDependency */ = {
			isa = PBXTargetDependency;
			target = 96E6B4891C28F53800F254D5 /* rrr */;
			targetProxy = 96E6B4A41C28F53800F254D5 /* PBXContainerItemProxy */;
		};
		96E6B4B01C28F53800F254D5 /* PBXTargetDependency */ = {
			isa = PBXTargetDependency;
			target = 96E6B4891C28F53800F254D5 /* rrr */;
			targetProxy = 96E6B4AF1C28F53800F254D5 /* PBXContainerItemProxy */;
		};
/* End PBXTargetDependency section */

/* Begin PBXVariantGroup section */
		96E6B4961C28F53800F254D5 /* Main.storyboard */ = {
			isa = PBXVariantGroup;
			children = (
				96E6B4971C28F53800F254D5 /* Base */,
			);
			name = Main.storyboard;
			sourceTree = "<group>";
		};
		96E6B49B1C28F53800F254D5 /* LaunchScreen.storyboard */ = {
			isa = PBXVariantGroup;
			children = (
				96E6B49C1C28F53800F254D5 /* Base */,
			);
			name = LaunchScreen.storyboard;
			sourceTree = "<group>";
		};
/* End PBXVariantGroup section */

/* Begin XCBuildConfiguration section */
		96E6B4B51C28F53800F254D5 /* Debug */ = {
			isa = XCBuildConfiguration;
			buildSettings = {
				ALWAYS_SEARCH_USER_PATHS = NO;
				CLANG_CXX_LANGUAGE_STANDARD = "gnu++0x";
				CLANG_CXX_LIBRARY = "libc++";
				CLANG_ENABLE_MODULES = YES;
				CLANG_ENABLE_OBJC_ARC = YES;
				CLANG_WARN_BOOL_CONVERSION = YES;
				CLANG_WARN_CONSTANT_CONVERSION = YES;
				CLANG_WARN_DIRECT_OBJC_ISA_USAGE = YES_ERROR;
				CLANG_WARN_EMPTY_BODY = YES;
				CLANG_WARN_ENUM_CONVERSION = YES;
				CLANG_WARN_INT_CONVERSION = YES;
				CLANG_WARN_OBJC_ROOT_CLASS = YES_ERROR;
				CLANG_WARN_UNREACHABLE_CODE = YES;
				CLANG_WARN__DUPLICATE_METHOD_MATCH = YES;
				"CODE_SIGN_IDENTITY[sdk=iphoneos*]" = "iPhone Developer";
				COPY_PHASE_STRIP = NO;
				DEBUG_INFORMATION_FORMAT = dwarf;
				ENABLE_STRICT_OBJC_MSGSEND = YES;
				ENABLE_TESTABILITY = YES;
				GCC_C_LANGUAGE_STANDARD = gnu99;
				GCC_DYNAMIC_NO_PIC = NO;
				GCC_NO_COMMON_BLOCKS = YES;
				GCC_OPTIMIZATION_LEVEL = 0;
				GCC_PREPROCESSOR_DEFINITIONS = (
					"DEBUG=1",
					"$(inherited)",
				);
				GCC_WARN_64_TO_32_BIT_CONVERSION = YES;
				GCC_WARN_ABOUT_RETURN_TYPE = YES_ERROR;
				GCC_WARN_UNDECLARED_SELECTOR = YES;
				GCC_WARN_UNINITIALIZED_AUTOS = YES_AGGRESSIVE;
				GCC_WARN_UNUSED_FUNCTION = YES;
				GCC_WARN_UNUSED_VARIABLE = YES;
				IPHONEOS_DEPLOYMENT_TARGET = 9.2;
				MTL_ENABLE_DEBUG_INFO = YES;
				ONLY_ACTIVE_ARCH = YES;
				SDKROOT = iphoneos;
				TARGETED_DEVICE_FAMILY = "1,2";
			};
			name = Debug;
		};
		96E6B4B61C28F53800F254D5 /* Release */ = {
			isa = XCBuildConfiguration;
			buildSettings = {
				ALWAYS_SEARCH_USER_PATHS = NO;
				CLANG_CXX_LANGUAGE_STANDARD = "gnu++0x";
				CLANG_CXX_LIBRARY = "libc++";
				CLANG_ENABLE_MODULES = YES;
				CLANG_ENABLE_OBJC_ARC = YES;
				CLANG_WARN_BOOL_CONVERSION = YES;
				CLANG_WARN_CONSTANT_CONVERSION = YES;
				CLANG_WARN_DIRECT_OBJC_ISA_USAGE = YES_ERROR;
				CLANG_WARN_EMPTY_BODY = YES;
				CLANG_WARN_ENUM_CONVERSION = YES;
				CLANG_WARN_INT_CONVERSION = YES;
				CLANG_WARN_OBJC_ROOT_CLASS = YES_ERROR;
				CLANG_WARN_UNREACHABLE_CODE = YES;
				CLANG_WARN__DUPLICATE_METHOD_MATCH = YES;
				"CODE_SIGN_IDENTITY[sdk=iphoneos*]" = "iPhone Developer";
				COPY_PHASE_STRIP = NO;
				DEBUG_INFORMATION_FORMAT = "dwarf-with-dsym";
				ENABLE_NS_ASSERTIONS = NO;
				ENABLE_STRICT_OBJC_MSGSEND = YES;
				GCC_C_LANGUAGE_STANDARD = gnu99;
				GCC_NO_COMMON_BLOCKS = YES;
				GCC_WARN_64_TO_32_BIT_CONVERSION = YES;
				GCC_WARN_ABOUT_RETURN_TYPE = YES_ERROR;
				GCC_WARN_UNDECLARED_SELECTOR = YES;
				GCC_WARN_UNINITIALIZED_AUTOS = YES_AGGRESSIVE;
				GCC_WARN_UNUSED_FUNCTION = YES;
				GCC_WARN_UNUSED_VARIABLE = YES;
				IPHONEOS_DEPLOYMENT_TARGET = 9.2;
				MTL_ENABLE_DEBUG_INFO = NO;
				SDKROOT = iphoneos;
				TARGETED_DEVICE_FAMILY = "1,2";
				VALIDATE_PRODUCT = YES;
			};
			name = Release;
		};
		96E6B4B81C28F53800F254D5 /* Debug */ = {
			isa = XCBuildConfiguration;
			buildSettings = {
				ASSETCATALOG_COMPILER_APPICON_NAME = AppIcon;
				INFOPLIST_FILE = rrr/Info.plist;
				LD_RUNPATH_SEARCH_PATHS = "$(inherited) @executable_path/Frameworks";
				PRODUCT_BUNDLE_IDENTIFIER = XD.rrr;
				PRODUCT_NAME = "$(TARGET_NAME)";
			};
			name = Debug;
		};
		96E6B4B91C28F53800F254D5 /* Release */ = {
			isa = XCBuildConfiguration;
			buildSettings = {
				ASSETCATALOG_COMPILER_APPICON_NAME = AppIcon;
				INFOPLIST_FILE = rrr/Info.plist;
				LD_RUNPATH_SEARCH_PATHS = "$(inherited) @executable_path/Frameworks";
				PRODUCT_BUNDLE_IDENTIFIER = XD.rrr;
				PRODUCT_NAME = "$(TARGET_NAME)";
			};
			name = Release;
		};
		96E6B4BB1C28F53800F254D5 /* Debug */ = {
			isa = XCBuildConfiguration;
			buildSettings = {
				BUNDLE_LOADER = "$(TEST_HOST)";
				INFOPLIST_FILE = rrrTests/Info.plist;
				LD_RUNPATH_SEARCH_PATHS = "$(inherited) @executable_path/Frameworks @loader_path/Frameworks";
				PRODUCT_BUNDLE_IDENTIFIER = XD.rrrTests;
				PRODUCT_NAME = "$(TARGET_NAME)";
				TEST_HOST = "$(BUILT_PRODUCTS_DIR)/rrr.app/rrr";
			};
			name = Debug;
		};
		96E6B4BC1C28F53800F254D5 /* Release */ = {
			isa = XCBuildConfiguration;
			buildSettings = {
				BUNDLE_LOADER = "$(TEST_HOST)";
				INFOPLIST_FILE = rrrTests/Info.plist;
				LD_RUNPATH_SEARCH_PATHS = "$(inherited) @executable_path/Frameworks @loader_path/Frameworks";
				PRODUCT_BUNDLE_IDENTIFIER = XD.rrrTests;
				PRODUCT_NAME = "$(TARGET_NAME)";
				TEST_HOST = "$(BUILT_PRODUCTS_DIR)/rrr.app/rrr";
			};
			name = Release;
		};
		96E6B4BE1C28F53800F254D5 /* Debug */ = {
			isa = XCBuildConfiguration;
			buildSettings = {
				INFOPLIST_FILE = rrrUITests/Info.plist;
				LD_RUNPATH_SEARCH_PATHS = "$(inherited) @executable_path/Frameworks @loader_path/Frameworks";
				PRODUCT_BUNDLE_IDENTIFIER = XD.rrrUITests;
				PRODUCT_NAME = "$(TARGET_NAME)";
				TEST_TARGET_NAME = rrr;
				USES_XCTRUNNER = YES;
			};
			name = Debug;
		};
		96E6B4BF1C28F53800F254D5 /* Release */ = {
			isa = XCBuildConfiguration;
			buildSettings = {
				INFOPLIST_FILE = rrrUITests/Info.plist;
				LD_RUNPATH_SEARCH_PATHS = "$(inherited) @executable_path/Frameworks @loader_path/Frameworks";
				PRODUCT_BUNDLE_IDENTIFIER = XD.rrrUITests;
				PRODUCT_NAME = "$(TARGET_NAME)";
				TEST_TARGET_NAME = rrr;
				USES_XCTRUNNER = YES;
			};
			name = Release;
		};
/* End XCBuildConfiguration section */

/* Begin XCConfigurationList section */
		96E6B4851C28F53800F254D5 /* Build configuration list for PBXProject "rrr" */ = {
			isa = XCConfigurationList;
			buildConfigurations = (
				96E6B4B51C28F53800F254D5 /* Debug */,
				96E6B4B61C28F53800F254D5 /* Release */,
			);
			defaultConfigurationIsVisible = 0;
			defaultConfigurationName = Release;
		};
		96E6B4B71C28F53800F254D5 /* Build configuration list for PBXNativeTarget "rrr" */ = {
			isa = XCConfigurationList;
			buildConfigurations = (
				96E6B4B81C28F53800F254D5 /* Debug */,
				96E6B4B91C28F53800F254D5 /* Release */,
			);
			defaultConfigurationIsVisible = 0;
		};
		96E6B4BA1C28F53800F254D5 /* Build configuration list for PBXNativeTarget "rrrTests" */ = {
			isa = XCConfigurationList;
			buildConfigurations = (
				96E6B4BB1C28F53800F254D5 /* Debug */,
				96E6B4BC1C28F53800F254D5 /* Release */,
			);
			defaultConfigurationIsVisible = 0;
		};
		96E6B4BD1C28F53800F254D5 /* Build configuration list for PBXNativeTarget "rrrUITests" */ = {
			isa = XCConfigurationList;
			buildConfigurations = (
				96E6B4BE1C28F53800F254D5 /* Debug */,
				96E6B4BF1C28F53800F254D5 /* Release */,
			);
			defaultConfigurationIsVisible = 0;
		};
/* End XCConfigurationList section */
	};
	rootObject = 96E6B4821C28F53800F254D5 /* Project object */;
}
